
Microsoft Visual Studio Solution File, Format Version 12.00
# Visual Studio Version 17
VisualStudioVersion = 17.14.37216.2 d17.14
MinimumVisualStudioVersion = 10.0.40219.1
Project("{FAE04EC0-301F-11D3-BF4B-00C04F79EFBC}") = "GestionLegalP", "GestionLegalP\GestionLegalP.csproj", "{1B144963-D861-4CDC-A825-7688C33F3F8B}"
EndProject
Global
	GlobalSection(SolutionConfigurationPlatforms) = preSolution
		Debug|Any CPU = Debug|Any CPU
		Release|Any CPU = Release|Any CPU
	EndGlobalSection
	GlobalSection(ProjectConfigurationPlatforms) = postSolution
		{1B144963-D861-4CDC-A825-7688C33F3F8B}.Debug|Any CPU.ActiveCfg = Debug|Any CPU
		{1B144963-D861-4CDC-A825-7688C33F3F8B}.Debug|Any CPU.Build.0 = Debug|Any CPU
		{1B144963-D861-4CDC-A825-7688C33F3F8B}.Release|Any CPU.ActiveCfg = Release|Any CPU
		{1B144963-D861-4CDC-A825-7688C33F3F8B}.Release|Any CPU.Build.0 = Release|Any CPU
	EndGlobalSection
	GlobalSection(SolutionProperties) = preSolution
		HideSolutionNode = FALSE
	EndGlobalSection
	GlobalSection(ExtensibilityGlobals) = postSolution
		SolutionGuid = {51B1D71C-92FA-41DC-97DE-070B0274BC56}
	EndGlobalSection
EndGlobal
